{
  "meteor": {},
  "dependencies": {
    "basePackages": {
      "streams": {},
      "bootstrap-3": {},
      "user-status": {},
      "pnotify": {
        "path": "../meteor-pnotify"
      },
      "font-awesome": {},
      "iron-router": {},
      "blaze-layout": {},
      "authorization": {},
      "buzz.js": {},
      "Bootstrap-Validator": {},
      "bootboxjs": {},
      "iron-router-progress": {},
      "smart-publish": {},
      "moment": {}
    },
    "packages": {
      "streams": {
        "git": "https://github.com/arunoda/meteor-streams.git",
        "tag": "v0.1.17",
        "commit": "9fcbbc9b7bf542827babc92089c19e730892a22f"
      },
      "bootstrap-3": {
        "git": "https://github.com/mangasocial/meteor-bootstrap-3.git",
        "tag": "v3.1.1-1",
        "commit": "63dd38968828bb8963636df93e9a1c45e2dfe67e"
      },
      "user-status": {
        "git": "https://github.com/mizzao/meteor-user-status.git",
        "tag": "v0.4.0",
        "commit": "e2a1c7a4075f28b87b361387688e083a4b047a08"
      },
      "pnotify": {
        "path": "../meteor-pnotify"
      },
      "font-awesome": {
        "git": "https://github.com/nate-strauser/meteor-font-awesome.git",
        "tag": "v4.1.0",
        "commit": "ce6b1e92715d1938babc5d69c655c17e387f5926"
      },
      "iron-router": {
        "git": "https://github.com/EventedMind/iron-router.git",
        "tag": "v0.7.1",
        "commit": "d1ffb3f06ea4c112132b030f2eb1a70b81675ecb"
      },
      "blaze-layout": {
        "git": "https://github.com/EventedMind/blaze-layout.git",
        "tag": "v0.2.5",
        "commit": "273e3ab7d005d91a1a59c71bd224533b4dae2fbd"
      },
      "authorization": {
        "git": "https://github.com/deepwell/meteor-authorization.git",
        "tag": "v2.0.4",
        "commit": "a1e222fc2f4caf81906bb1b57dd7f6efa4a0d071"
      },
      "buzz.js": {
        "git": "https://github.com/brentjanderson/meteor-buzz.git",
        "tag": "v1.1.0.1",
        "commit": "5c579c9833a6633a38fb05db928a09ac0a3bbc7e"
      },
      "Bootstrap-Validator": {
        "git": "https://github.com/aashuagg/Bootstrap-Validator.git",
        "tag": "v0.0.1",
        "commit": "3e4f9808d86e55315afee4b16080eac991bf8fa4"
      },
      "bootboxjs": {
        "git": "https://github.com/TimHeckel/meteor-bootboxjs.git",
        "tag": "v4.2.0",
        "commit": "2b7d18ad028d9e7b37238ecf2a8a7970735cebd1"
      },
      "iron-router-progress": {
        "git": "https://github.com/Multiply/iron-router-progress.git",
        "tag": "v0.3.1",
        "commit": "3f7900feb4bb70a1289b39a1fdcd1f438c0335b3"
      },
      "smart-publish": {
        "git": "https://github.com/yeputons/meteor-smart-publish.git",
        "tag": "v0.1.4",
        "commit": "9b0279927fa4f8042f8f56ba475ce9737ceaa8cf"
      },
      "moment": {
        "git": "https://github.com/acreeger/meteor-moment.git",
        "tag": "v2.6.0",
        "commit": "26156df681750fd6e6ed77043eef32b6653ebbdf"
      },
      "timesync": {
        "git": "https://github.com/mizzao/meteor-timesync.git",
        "tag": "v0.1.6",
        "commit": "83067433f511bc13a11ae8c87e9a4d331256915e"
      }
    }
  }
}
