{
  "meteor": {},
  "dependencies": {
    "basePackages": {
      "streams": {},
      "bootstrap-3": {},
      "user-status": {},
      "pnotify": {},
      "dota2": {},
      "font-awesome": {},
      "iron-router": {
        "git": "https://github.com/EventedMind/iron-router.git",
        "branch": "blaze-integration"
      },
      "accounts-ui-bootstrap-3": {
        "git": "https://github.com/kidovate/meteor-accounts-ui-bootstrap-3.git",
        "branch": "steam"
      },
      "blaze-layout": {}
    },
    "packages": {
      "streams": {
        "git": "https://github.com/arunoda/meteor-streams.git",
        "tag": "v0.1.17",
        "commit": "9fcbbc9b7bf542827babc92089c19e730892a22f"
      },
      "bootstrap-3": {
        "git": "https://github.com/mangasocial/meteor-bootstrap-3.git",
        "tag": "v3.1.1-1",
        "commit": "63dd38968828bb8963636df93e9a1c45e2dfe67e"
      },
      "user-status": {
        "git": "https://github.com/mizzao/meteor-user-status.git",
        "tag": "v0.2.0",
        "commit": "e18cc48440710d0ac23bd1a578974f9142226bf4"
      },
      "pnotify": {
        "git": "https://github.com/kidovate/meteor-pnotify.git",
        "tag": "v0.1.2",
        "commit": "f18629c517529f535fddc85ca96624742e795acc"
      },
      "dota2": {
        "git": "https://github.com/kidovate/meteor-dota2.git",
        "tag": "v0.0.5",
        "commit": "9d25efc0b0d25b8f01f769608f3582ebc8e3094a"
      },
      "font-awesome": {
        "git": "https://github.com/nate-strauser/meteor-font-awesome.git",
        "tag": "v4.0.3",
        "commit": "61e9361384347547ae144f8228faa4deffda23db"
      },
      "iron-router": {
        "git": "https://github.com/EventedMind/iron-router.git",
        "branch": "blaze-integration",
        "commit": "f8ffd44bceacc6a55f4ebcc218c072f5a18138b4"
      },
      "accounts-ui-bootstrap-3": {
        "git": "https://github.com/kidovate/meteor-accounts-ui-bootstrap-3.git",
        "branch": "steam",
        "commit": "7dc1353f53da8f1d6a9a7c2b2ecbb3084247c3dc"
      },
      "blaze-layout": {
        "git": "https://github.com/EventedMind/blaze-layout.git",
        "tag": "v0.2.1",
        "commit": "f52f416d6277f27b11832355298553e46b8cc6fd"
      }
    }
  }
}
