{
  "dependencies": {
    "archiver": {
      "version": "0.9.1",
      "dependencies": {
        "buffer-crc32": {
          "version": "0.2.1"
        },
        "readable-stream": {
          "version": "1.0.27-1",
          "dependencies": {
            "core-util-is": {
              "version": "1.0.1"
            },
            "isarray": {
              "version": "0.0.1"
            },
            "string_decoder": {
              "version": "0.10.25-1"
            },
            "inherits": {
              "version": "2.0.1"
            }
          }
        },
        "tar-stream": {
          "version": "0.3.3",
          "dependencies": {
            "bl": {
              "version": "0.6.0"
            },
            "end-of-stream": {
              "version": "0.1.4",
              "dependencies": {
                "once": {
                  "version": "1.3.0"
                }
              }
            }
          }
        },
        "zip-stream": {
          "version": "0.3.3",
          "dependencies": {
            "crc32-stream": {
              "version": "0.2.0"
            },
            "lodash.defaults": {
              "version": "2.4.1",
              "dependencies": {
                "lodash.keys": {
                  "version": "2.4.1",
                  "dependencies": {
                    "lodash._isnative": {
                      "version": "2.4.1"
                    },
                    "lodash.isobject": {
                      "version": "2.4.1"
                    },
                    "lodash._shimkeys": {
                      "version": "2.4.1"
                    }
                  }
                },
                "lodash._objecttypes": {
                  "version": "2.4.1"
                }
              }
            },
            "debug": {
              "version": "0.8.1"
            }
          }
        },
        "lazystream": {
          "version": "0.1.0"
        },
        "file-utils": {
          "version": "0.1.5",
          "dependencies": {
            "lodash": {
              "version": "2.1.0"
            },
            "iconv-lite": {
              "version": "0.2.11"
            },
            "rimraf": {
              "version": "2.2.8"
            },
            "glob": {
              "version": "3.2.11",
              "dependencies": {
                "inherits": {
                  "version": "2.0.1"
                },
                "minimatch": {
                  "version": "0.3.0",
                  "dependencies": {
                    "lru-cache": {
                      "version": "2.5.0"
                    },
                    "sigmund": {
                      "version": "1.0.0"
                    }
                  }
                }
              }
            },
            "minimatch": {
              "version": "0.2.14",
              "dependencies": {
                "lru-cache": {
                  "version": "2.5.0"
                },
                "sigmund": {
                  "version": "1.0.0"
                }
              }
            },
            "findup-sync": {
              "version": "0.1.3",
              "dependencies": {
                "lodash": {
                  "version": "2.4.1"
                }
              }
            },
            "isbinaryfile": {
              "version": "0.1.9"
            }
          }
        },
        "lodash": {
          "version": "2.4.1"
        }
      }
    },
    "bignumber.js": {
      "version": "1.4.0"
    },
    "gift": {
      "version": "0.4.1",
      "dependencies": {
        "underscore": {
          "version": "1.6.0"
        }
      }
    },
    "knox": {
      "version": "0.8.9",
      "dependencies": {
        "mime": {
          "version": "1.2.11"
        },
        "xml2js": {
          "version": "0.2.8",
          "dependencies": {
            "sax": {
              "version": "0.5.8"
            }
          }
        },
        "debug": {
          "version": "0.7.4"
        },
        "stream-counter": {
          "version": "0.1.0",
          "dependencies": {
            "readable-stream": {
              "version": "1.0.27-1",
              "dependencies": {
                "core-util-is": {
                  "version": "1.0.1"
                },
                "isarray": {
                  "version": "0.0.1"
                },
                "string_decoder": {
                  "version": "0.10.25-1"
                },
                "inherits": {
                  "version": "2.0.1"
                }
              }
            }
          }
        }
      }
    },
    "ncp": {
      "version": "0.5.1"
    },
    "phantomjs": {
      "version": "1.9.7-8",
      "dependencies": {
        "adm-zip": {
          "version": "0.2.1"
        },
        "kew": {
          "version": "0.1.7"
        },
        "ncp": {
          "version": "0.4.2"
        },
        "npmconf": {
          "version": "0.0.24",
          "dependencies": {
            "config-chain": {
              "version": "1.1.8",
              "dependencies": {
                "proto-list": {
                  "version": "1.2.2"
                }
              }
            },
            "inherits": {
              "version": "1.0.0"
            },
            "once": {
              "version": "1.1.1"
            },
            "osenv": {
              "version": "0.0.3"
            },
            "nopt": {
              "version": "2.2.1",
              "dependencies": {
                "abbrev": {
                  "version": "1.0.5"
                }
              }
            },
            "semver": {
              "version": "1.1.4"
            },
            "ini": {
              "version": "1.1.0"
            }
          }
        },
        "mkdirp": {
          "version": "0.3.5"
        },
        "request": {
          "version": "2.36.0",
          "dependencies": {
            "qs": {
              "version": "0.6.6"
            },
            "json-stringify-safe": {
              "version": "5.0.0"
            },
            "mime": {
              "version": "1.2.11"
            },
            "forever-agent": {
              "version": "0.5.2"
            },
            "node-uuid": {
              "version": "1.4.1"
            },
            "tough-cookie": {
              "version": "0.12.1",
              "dependencies": {
                "punycode": {
                  "version": "1.2.4"
                }
              }
            },
            "form-data": {
              "version": "0.1.2",
              "dependencies": {
                "combined-stream": {
                  "version": "0.0.4",
                  "dependencies": {
                    "delayed-stream": {
                      "version": "0.0.5"
                    }
                  }
                },
                "async": {
                  "version": "0.2.10"
                }
              }
            },
            "tunnel-agent": {
              "version": "0.4.0"
            },
            "http-signature": {
              "version": "0.10.0",
              "dependencies": {
                "assert-plus": {
                  "version": "0.1.2"
                },
                "asn1": {
                  "version": "0.1.11"
                },
                "ctype": {
                  "version": "0.5.2"
                }
              }
            },
            "oauth-sign": {
              "version": "0.3.0"
            },
            "hawk": {
              "version": "1.0.0",
              "dependencies": {
                "hoek": {
                  "version": "0.9.1"
                },
                "boom": {
                  "version": "0.4.2"
                },
                "cryptiles": {
                  "version": "0.2.2"
                },
                "sntp": {
                  "version": "0.2.4"
                }
              }
            },
            "aws-sign2": {
              "version": "0.5.0"
            }
          }
        },
        "which": {
          "version": "1.0.5"
        }
      }
    },
    "rimraf": {
      "version": "2.2.8"
    },
    "s3": {
      "version": "0.3.1"
    },
    "steamidconvert": {
      "version": "0.2.2",
      "dependencies": {
        "bignumber.js": {
          "version": "1.0.1"
        }
      }
    },
    "winston": {
      "version": "0.7.3",
      "dependencies": {
        "async": {
          "version": "0.2.10"
        },
        "colors": {
          "version": "0.6.2"
        },
        "cycle": {
          "version": "1.0.3"
        },
        "eyes": {
          "version": "0.1.8"
        },
        "pkginfo": {
          "version": "0.3.0"
        },
        "request": {
          "version": "2.16.6",
          "dependencies": {
            "form-data": {
              "version": "0.0.10",
              "dependencies": {
                "combined-stream": {
                  "version": "0.0.4",
                  "dependencies": {
                    "delayed-stream": {
                      "version": "0.0.5"
                    }
                  }
                }
              }
            },
            "mime": {
              "version": "1.2.11"
            },
            "hawk": {
              "version": "0.10.2",
              "dependencies": {
                "hoek": {
                  "version": "0.7.6"
                },
                "boom": {
                  "version": "0.3.8"
                },
                "cryptiles": {
                  "version": "0.1.3"
                },
                "sntp": {
                  "version": "0.1.4"
                }
              }
            },
            "node-uuid": {
              "version": "1.4.1"
            },
            "cookie-jar": {
              "version": "0.2.0"
            },
            "aws-sign": {
              "version": "0.2.0"
            },
            "oauth-sign": {
              "version": "0.2.0"
            },
            "forever-agent": {
              "version": "0.2.0"
            },
            "tunnel-agent": {
              "version": "0.2.0"
            },
            "json-stringify-safe": {
              "version": "3.0.0"
            },
            "qs": {
              "version": "0.5.6"
            }
          }
        },
        "stack-trace": {
          "version": "0.0.9"
        }
      }
    },
    "ws": {
      "version": "0.4.31",
      "dependencies": {
        "commander": {
          "version": "0.6.1"
        },
        "nan": {
          "version": "0.3.2"
        },
        "tinycolor": {
          "version": "0.0.1"
        },
        "options": {
          "version": "0.0.5"
        }
      }
    }
  }
}
